ergo.services/ergo v1.999.321-0.20260811154914-3a36b1549a06 h1:gYcyDFbQIi/bNRPk5XIZwp8kTZTvRq1pFFDG+jaABtg=
ergo.services/ergo v1.999.321-0.20260811154914-3a36b1549a06/go.mod h1:2WcCdXUIZvCfy9Kkac3Sx6V/tB23Mx3yK6xz77hRfbM=
ergo.services/ergo v1.999.321-0.20260831113538-a239e49b0c31 h1:v7MwrUG39wCfwCmnTF268KotgsC6M9WXJKoekA+t5Ck=
ergo.services/ergo v1.999.321-0.20260831113538-a239e49b0c31/go.mod h1:2WcCdXUIZvCfy9Kkac3Sx6V/tB23Mx3yK6xz77hRfbM=
ergo.services/ergo v1.999.321-0.20260831132002-e36ca64a2801 h1:0QQLbEQ4AcRj67zwtJ4ESYf7BIHMbmXuELmzHCDLgzI=
ergo.services/ergo v1.999.321-0.20260831132002-e36ca64a2801/go.mod h1:2WcCdXUIZvCfy9Kkac3Sx6V/tB23Mx3yK6xz77hRfbM=
