ergo.services/ergo v1.999.321-0.20260225222959-cb4e7499386a h1:BTA+6wvKavsoZ7kXzk/4D9ykH5xxz4Z/5wBBtbaNW0M=
ergo.services/ergo v1.999.321-0.20260225222959-cb4e7499386a/go.mod h1:bLQ6PoO6Mz/8gVuzvPv3xfMfo1P9w6rZV1WnMXMeMdg=
ergo.services/ergo v1.999.321-0.20260227171631-2787915bb93c h1:WJzYVzoKUNW1NdI1TkjdCpsQLil4vTsPs9gqA+OeblU=
ergo.services/ergo v1.999.321-0.20260227171631-2787915bb93c/go.mod h1:bLQ6PoO6Mz/8gVuzvPv3xfMfo1P9w6rZV1WnMXMeMdg=
